Microsoft Visual Studio Solution File, Format Version 11.00
# Visual Studio 2008

Project("{4DF20805-EF14-8EBA-55AA-452DC10F27EB}") = "ScoreManager", "Assembly-CSharp.csproj", "{AAEDF41A-D0D2-2CB6-D404-D00AE17DD604}"
EndProject
Global
	GlobalSection(SolutionConfigurationPlatforms) = preSolution
		Debug|Any CPU = Debug|Any CPU
		Release|Any CPU = Release|Any CPU
	EndGlobalSection
	GlobalSection(ProjectConfigurationPlatforms) = postSolution
		{AAEDF41A-D0D2-2CB6-D404-D00AE17DD604}.Debug|Any CPU.ActiveCfg = Debug|Any CPU
		{AAEDF41A-D0D2-2CB6-D404-D00AE17DD604}.Debug|Any CPU.Build.0 = Debug|Any CPU
		{AAEDF41A-D0D2-2CB6-D404-D00AE17DD604}.Release|Any CPU.ActiveCfg = Release|Any CPU
		{AAEDF41A-D0D2-2CB6-D404-D00AE17DD604}.Release|Any CPU.Build.0 = Release|Any CPU
	EndGlobalSection
	GlobalSection(SolutionProperties) = preSolution
		HideSolutionNode = FALSE
	EndGlobalSection
	GlobalSection(MonoDevelopProperties) = preSolution
		StartupItem = Assembly-CSharp.csproj
	EndGlobalSection
EndGlobal
